
Microsoft Visual Studio Solution File, Format Version 12.00
# Visual Studio 15
VisualStudioVersion = 15.0.26730.16
MinimumVisualStudioVersion = 10.0.40219.1
Project("{8BC9CEB8-8B4A-11D0-8D11-00A0C91BC942}") = "Glava_10", "Glava_10\Glava_10.vcxproj", "{7E7F73EF-B734-4F64-B54C-DBDBB54E6168}"
EndProject
Project("{8BC9CEB8-8B4A-11D0-8D11-00A0C91BC942}") = "copystr.cpp", "copystr.cpp\copystr.cpp.vcxproj", "{CDF610BA-1AA6-4ED1-9945-6F7221F73D8A}"
EndProject
Project("{8BC9CEB8-8B4A-11D0-8D11-00A0C91BC942}") = "englptr.cpp", "englptr.cpp\englptr.cpp.vcxproj", "{6FB0C01C-FAF1-4A4E-A325-5361E0F1EC9E}"
EndProject
Project("{8BC9CEB8-8B4A-11D0-8D11-00A0C91BC942}") = "englref.cpp", "englref.cpp\englref.cpp.vcxproj", "{ADAF221B-0CE5-45CE-8C76-E805C8655746}"
EndProject
Project("{8BC9CEB8-8B4A-11D0-8D11-00A0C91BC942}") = "horse.cpp", "horse.cpp\horse.cpp.vcxproj", "{EA7716B0-6C3E-4087-81FB-D134958C25B4}"
EndProject
Project("{8BC9CEB8-8B4A-11D0-8D11-00A0C91BC942}") = "linklist.cpp", "linklist.cpp\linklist.cpp.vcxproj", "{F5D14E6F-F12E-428E-8416-EF826EEA4CA8}"
EndProject
Project("{8BC9CEB8-8B4A-11D0-8D11-00A0C91BC942}") = "newintro.cpp", "newintro.cpp\newintro.cpp.vcxproj", "{550B037C-6D25-47F5-B3DE-5096F60D29B6}"
EndProject
Project("{8BC9CEB8-8B4A-11D0-8D11-00A0C91BC942}") = "newstr.cpp", "newstr.cpp\newstr.cpp.vcxproj", "{DB3CE40F-A6F8-47B0-99E2-17BD47FB50A0}"
EndProject
Project("{8BC9CEB8-8B4A-11D0-8D11-00A0C91BC942}") = "parse.cpp", "parse.cpp\parse.cpp.vcxproj", "{D60B73D7-7F1D-456F-8FF6-7731A427CBED}"
EndProject
Project("{8BC9CEB8-8B4A-11D0-8D11-00A0C91BC942}") = "passarr.cpp", "passarr.cpp\passarr.cpp.vcxproj", "{1EAB1C55-A10F-40C9-929D-5F73B4BCD0E1}"
EndProject
Project("{8BC9CEB8-8B4A-11D0-8D11-00A0C91BC942}") = "passptr.cpp", "passptr.cpp\passptr.cpp.vcxproj", "{6E50E63D-A704-492C-B23E-5A48BE16FF5E}"
EndProject
Project("{8BC9CEB8-8B4A-11D0-8D11-00A0C91BC942}") = "passref.cpp", "passref.cpp\passref.cpp.vcxproj", "{30903A9A-9961-41E3-A639-674CEA9705C4}"
EndProject
Project("{8BC9CEB8-8B4A-11D0-8D11-00A0C91BC942}") = "persort.cpp", "persort.cpp\persort.cpp.vcxproj", "{BC6723DE-5569-4601-9E6A-B8385A5A765B}"
EndProject
Project("{8BC9CEB8-8B4A-11D0-8D11-00A0C91BC942}") = "ptrinc.cpp", "ptrinc.cpp\ptrinc.cpp.vcxproj", "{291B6ACF-F49F-4DE3-852C-35B43E1951C1}"
EndProject
Project("{8BC9CEB8-8B4A-11D0-8D11-00A0C91BC942}") = "ptrnote.cpp", "ptrnote.cpp\ptrnote.cpp.vcxproj", "{8393B818-6CC4-4B87-A65D-D05CA1D2C86C}"
EndProject
Project("{8BC9CEB8-8B4A-11D0-8D11-00A0C91BC942}") = "ptrobj.cpp", "ptrobj.cpp\ptrobj.cpp.vcxproj", "{6AFBD8B9-41F9-40FA-9477-7E0CA9810CC7}"
EndProject
Project("{8BC9CEB8-8B4A-11D0-8D11-00A0C91BC942}") = "ptrsort.cpp", "ptrsort.cpp\ptrsort.cpp.vcxproj", "{B522F664-551F-4718-ABA0-AE7385EF8DDA}"
EndProject
Project("{8BC9CEB8-8B4A-11D0-8D11-00A0C91BC942}") = "ptrstr.cpp", "ptrstr.cpp\ptrstr.cpp.vcxproj", "{4D99C30A-165E-47F9-B60A-90CDC5365D51}"
EndProject
Project("{8BC9CEB8-8B4A-11D0-8D11-00A0C91BC942}") = "ptrtostr.cpp", "ptrtostr.cpp\ptrtostr.cpp.vcxproj", "{FCCD9D54-8281-4FEA-BDC8-0B42A503B6BF}"
EndProject
Project("{2150E333-8FDC-42A3-9474-1A3956D46DE8}") = "Glava 10", "Glava 10", "{425866F7-52C4-4F88-9CB6-2EC85EFC9DA6}"
EndProject
Project("{8BC9CEB8-8B4A-11D0-8D11-00A0C91BC942}") = "twostr.cpp", "twostr.cpp\twostr.cpp.vcxproj", "{96B55169-E23A-4772-9A5A-E05AE7B9B6B1}"
EndProject
Project("{8BC9CEB8-8B4A-11D0-8D11-00A0C91BC942}") = "Tasks_1", "Tasks_1\Tasks_1.vcxproj", "{D57DD64F-3E7E-4B4F-9FFE-A32D310A19CB}"
EndProject
Project("{8BC9CEB8-8B4A-11D0-8D11-00A0C91BC942}") = "Tasks_2", "Tasks_2\Tasks_2.vcxproj", "{FD942B51-7C67-40A4-8649-7BD15C66EAF9}"
EndProject
Project("{8BC9CEB8-8B4A-11D0-8D11-00A0C91BC942}") = "Tasks_3", "Tasks_3\Tasks_3.vcxproj", "{F213B559-7CCC-4303-81E8-6988075CE4DE}"
EndProject
Project("{8BC9CEB8-8B4A-11D0-8D11-00A0C91BC942}") = "Tasks_4", "Tasks_4\Tasks_4.vcxproj", "{58D7160B-1AFD-4E37-84A9-9231E3C44369}"
EndProject
Project("{2150E333-8FDC-42A3-9474-1A3956D46DE8}") = "Tasks", "Tasks", "{B53CF45F-2E16-471C-9250-C097733F8621}"
EndProject
Global
	GlobalSection(SolutionConfigurationPlatforms) = preSolution
		Debug|x64 = Debug|x64
		Debug|x86 = Debug|x86
		Release|x64 = Release|x64
		Release|x86 = Release|x86
	EndGlobalSection
	GlobalSection(ProjectConfigurationPlatforms) = postSolution
		{7E7F73EF-B734-4F64-B54C-DBDBB54E6168}.Debug|x64.ActiveCfg = Debug|x64
		{7E7F73EF-B734-4F64-B54C-DBDBB54E6168}.Debug|x64.Build.0 = Debug|x64
		{7E7F73EF-B734-4F64-B54C-DBDBB54E6168}.Debug|x86.ActiveCfg = Debug|Win32
		{7E7F73EF-B734-4F64-B54C-DBDBB54E6168}.Debug|x86.Build.0 = Debug|Win32
		{7E7F73EF-B734-4F64-B54C-DBDBB54E6168}.Release|x64.ActiveCfg = Release|x64
		{7E7F73EF-B734-4F64-B54C-DBDBB54E6168}.Release|x64.Build.0 = Release|x64
		{7E7F73EF-B734-4F64-B54C-DBDBB54E6168}.Release|x86.ActiveCfg = Release|Win32
		{7E7F73EF-B734-4F64-B54C-DBDBB54E6168}.Release|x86.Build.0 = Release|Win32
		{CDF610BA-1AA6-4ED1-9945-6F7221F73D8A}.Debug|x64.ActiveCfg = Debug|x64
		{CDF610BA-1AA6-4ED1-9945-6F7221F73D8A}.Debug|x64.Build.0 = Debug|x64
		{CDF610BA-1AA6-4ED1-9945-6F7221F73D8A}.Debug|x86.ActiveCfg = Debug|Win32
		{CDF610BA-1AA6-4ED1-9945-6F7221F73D8A}.Debug|x86.Build.0 = Debug|Win32
		{CDF610BA-1AA6-4ED1-9945-6F7221F73D8A}.Release|x64.ActiveCfg = Release|x64
		{CDF610BA-1AA6-4ED1-9945-6F7221F73D8A}.Release|x64.Build.0 = Release|x64
		{CDF610BA-1AA6-4ED1-9945-6F7221F73D8A}.Release|x86.ActiveCfg = Release|Win32
		{CDF610BA-1AA6-4ED1-9945-6F7221F73D8A}.Release|x86.Build.0 = Release|Win32
		{6FB0C01C-FAF1-4A4E-A325-5361E0F1EC9E}.Debug|x64.ActiveCfg = Debug|x64
		{6FB0C01C-FAF1-4A4E-A325-5361E0F1EC9E}.Debug|x64.Build.0 = Debug|x64
		{6FB0C01C-FAF1-4A4E-A325-5361E0F1EC9E}.Debug|x86.ActiveCfg = Debug|Win32
		{6FB0C01C-FAF1-4A4E-A325-5361E0F1EC9E}.Debug|x86.Build.0 = Debug|Win32
		{6FB0C01C-FAF1-4A4E-A325-5361E0F1EC9E}.Release|x64.ActiveCfg = Release|x64
		{6FB0C01C-FAF1-4A4E-A325-5361E0F1EC9E}.Release|x64.Build.0 = Release|x64
		{6FB0C01C-FAF1-4A4E-A325-5361E0F1EC9E}.Release|x86.ActiveCfg = Release|Win32
		{6FB0C01C-FAF1-4A4E-A325-5361E0F1EC9E}.Release|x86.Build.0 = Release|Win32
		{ADAF221B-0CE5-45CE-8C76-E805C8655746}.Debug|x64.ActiveCfg = Debug|x64
		{ADAF221B-0CE5-45CE-8C76-E805C8655746}.Debug|x64.Build.0 = Debug|x64
		{ADAF221B-0CE5-45CE-8C76-E805C8655746}.Debug|x86.ActiveCfg = Debug|Win32
		{ADAF221B-0CE5-45CE-8C76-E805C8655746}.Debug|x86.Build.0 = Debug|Win32
		{ADAF221B-0CE5-45CE-8C76-E805C8655746}.Release|x64.ActiveCfg = Release|x64
		{ADAF221B-0CE5-45CE-8C76-E805C8655746}.Release|x64.Build.0 = Release|x64
		{ADAF221B-0CE5-45CE-8C76-E805C8655746}.Release|x86.ActiveCfg = Release|Win32
		{ADAF221B-0CE5-45CE-8C76-E805C8655746}.Release|x86.Build.0 = Release|Win32
		{EA7716B0-6C3E-4087-81FB-D134958C25B4}.Debug|x64.ActiveCfg = Debug|x64
		{EA7716B0-6C3E-4087-81FB-D134958C25B4}.Debug|x64.Build.0 = Debug|x64
		{EA7716B0-6C3E-4087-81FB-D134958C25B4}.Debug|x86.ActiveCfg = Debug|Win32
		{EA7716B0-6C3E-4087-81FB-D134958C25B4}.Debug|x86.Build.0 = Debug|Win32
		{EA7716B0-6C3E-4087-81FB-D134958C25B4}.Release|x64.ActiveCfg = Release|x64
		{EA7716B0-6C3E-4087-81FB-D134958C25B4}.Release|x64.Build.0 = Release|x64
		{EA7716B0-6C3E-4087-81FB-D134958C25B4}.Release|x86.ActiveCfg = Release|Win32
		{EA7716B0-6C3E-4087-81FB-D134958C25B4}.Release|x86.Build.0 = Release|Win32
		{F5D14E6F-F12E-428E-8416-EF826EEA4CA8}.Debug|x64.ActiveCfg = Debug|x64
		{F5D14E6F-F12E-428E-8416-EF826EEA4CA8}.Debug|x64.Build.0 = Debug|x64
		{F5D14E6F-F12E-428E-8416-EF826EEA4CA8}.Debug|x86.ActiveCfg = Debug|Win32
		{F5D14E6F-F12E-428E-8416-EF826EEA4CA8}.Debug|x86.Build.0 = Debug|Win32
		{F5D14E6F-F12E-428E-8416-EF826EEA4CA8}.Release|x64.ActiveCfg = Release|x64
		{F5D14E6F-F12E-428E-8416-EF826EEA4CA8}.Release|x64.Build.0 = Release|x64
		{F5D14E6F-F12E-428E-8416-EF826EEA4CA8}.Release|x86.ActiveCfg = Release|Win32
		{F5D14E6F-F12E-428E-8416-EF826EEA4CA8}.Release|x86.Build.0 = Release|Win32
		{550B037C-6D25-47F5-B3DE-5096F60D29B6}.Debug|x64.ActiveCfg = Debug|x64
		{550B037C-6D25-47F5-B3DE-5096F60D29B6}.Debug|x64.Build.0 = Debug|x64
		{550B037C-6D25-47F5-B3DE-5096F60D29B6}.Debug|x86.ActiveCfg = Debug|Win32
		{550B037C-6D25-47F5-B3DE-5096F60D29B6}.Debug|x86.Build.0 = Debug|Win32
		{550B037C-6D25-47F5-B3DE-5096F60D29B6}.Release|x64.ActiveCfg = Release|x64
		{550B037C-6D25-47F5-B3DE-5096F60D29B6}.Release|x64.Build.0 = Release|x64
		{550B037C-6D25-47F5-B3DE-5096F60D29B6}.Release|x86.ActiveCfg = Release|Win32
		{550B037C-6D25-47F5-B3DE-5096F60D29B6}.Release|x86.Build.0 = Release|Win32
		{DB3CE40F-A6F8-47B0-99E2-17BD47FB50A0}.Debug|x64.ActiveCfg = Debug|x64
		{DB3CE40F-A6F8-47B0-99E2-17BD47FB50A0}.Debug|x64.Build.0 = Debug|x64
		{DB3CE40F-A6F8-47B0-99E2-17BD47FB50A0}.Debug|x86.ActiveCfg = Debug|Win32
		{DB3CE40F-A6F8-47B0-99E2-17BD47FB50A0}.Debug|x86.Build.0 = Debug|Win32
		{DB3CE40F-A6F8-47B0-99E2-17BD47FB50A0}.Release|x64.ActiveCfg = Release|x64
		{DB3CE40F-A6F8-47B0-99E2-17BD47FB50A0}.Release|x64.Build.0 = Release|x64
		{DB3CE40F-A6F8-47B0-99E2-17BD47FB50A0}.Release|x86.ActiveCfg = Release|Win32
		{DB3CE40F-A6F8-47B0-99E2-17BD47FB50A0}.Release|x86.Build.0 = Release|Win32
		{D60B73D7-7F1D-456F-8FF6-7731A427CBED}.Debug|x64.ActiveCfg = Debug|x64
		{D60B73D7-7F1D-456F-8FF6-7731A427CBED}.Debug|x64.Build.0 = Debug|x64
		{D60B73D7-7F1D-456F-8FF6-7731A427CBED}.Debug|x86.ActiveCfg = Debug|Win32
		{D60B73D7-7F1D-456F-8FF6-7731A427CBED}.Debug|x86.Build.0 = Debug|Win32
		{D60B73D7-7F1D-456F-8FF6-7731A427CBED}.Release|x64.ActiveCfg = Release|x64
		{D60B73D7-7F1D-456F-8FF6-7731A427CBED}.Release|x64.Build.0 = Release|x64
		{D60B73D7-7F1D-456F-8FF6-7731A427CBED}.Release|x86.ActiveCfg = Release|Win32
		{D60B73D7-7F1D-456F-8FF6-7731A427CBED}.Release|x86.Build.0 = Release|Win32
		{1EAB1C55-A10F-40C9-929D-5F73B4BCD0E1}.Debug|x64.ActiveCfg = Debug|x64
		{1EAB1C55-A10F-40C9-929D-5F73B4BCD0E1}.Debug|x64.Build.0 = Debug|x64
		{1EAB1C55-A10F-40C9-929D-5F73B4BCD0E1}.Debug|x86.ActiveCfg = Debug|Win32
		{1EAB1C55-A10F-40C9-929D-5F73B4BCD0E1}.Debug|x86.Build.0 = Debug|Win32
		{1EAB1C55-A10F-40C9-929D-5F73B4BCD0E1}.Release|x64.ActiveCfg = Release|x64
		{1EAB1C55-A10F-40C9-929D-5F73B4BCD0E1}.Release|x64.Build.0 = Release|x64
		{1EAB1C55-A10F-40C9-929D-5F73B4BCD0E1}.Release|x86.ActiveCfg = Release|Win32
		{1EAB1C55-A10F-40C9-929D-5F73B4BCD0E1}.Release|x86.Build.0 = Release|Win32
		{6E50E63D-A704-492C-B23E-5A48BE16FF5E}.Debug|x64.ActiveCfg = Debug|x64
		{6E50E63D-A704-492C-B23E-5A48BE16FF5E}.Debug|x64.Build.0 = Debug|x64
		{6E50E63D-A704-492C-B23E-5A48BE16FF5E}.Debug|x86.ActiveCfg = Debug|Win32
		{6E50E63D-A704-492C-B23E-5A48BE16FF5E}.Debug|x86.Build.0 = Debug|Win32
		{6E50E63D-A704-492C-B23E-5A48BE16FF5E}.Release|x64.ActiveCfg = Release|x64
		{6E50E63D-A704-492C-B23E-5A48BE16FF5E}.Release|x64.Build.0 = Release|x64
		{6E50E63D-A704-492C-B23E-5A48BE16FF5E}.Release|x86.ActiveCfg = Release|Win32
		{6E50E63D-A704-492C-B23E-5A48BE16FF5E}.Release|x86.Build.0 = Release|Win32
		{30903A9A-9961-41E3-A639-674CEA9705C4}.Debug|x64.ActiveCfg = Debug|x64
		{30903A9A-9961-41E3-A639-674CEA9705C4}.Debug|x64.Build.0 = Debug|x64
		{30903A9A-9961-41E3-A639-674CEA9705C4}.Debug|x86.ActiveCfg = Debug|Win32
		{30903A9A-9961-41E3-A639-674CEA9705C4}.Debug|x86.Build.0 = Debug|Win32
		{30903A9A-9961-41E3-A639-674CEA9705C4}.Release|x64.ActiveCfg = Release|x64
		{30903A9A-9961-41E3-A639-674CEA9705C4}.Release|x64.Build.0 = Release|x64
		{30903A9A-9961-41E3-A639-674CEA9705C4}.Release|x86.ActiveCfg = Release|Win32
		{30903A9A-9961-41E3-A639-674CEA9705C4}.Release|x86.Build.0 = Release|Win32
		{BC6723DE-5569-4601-9E6A-B8385A5A765B}.Debug|x64.ActiveCfg = Debug|x64
		{BC6723DE-5569-4601-9E6A-B8385A5A765B}.Debug|x64.Build.0 = Debug|x64
		{BC6723DE-5569-4601-9E6A-B8385A5A765B}.Debug|x86.ActiveCfg = Debug|Win32
		{BC6723DE-5569-4601-9E6A-B8385A5A765B}.Debug|x86.Build.0 = Debug|Win32
		{BC6723DE-5569-4601-9E6A-B8385A5A765B}.Release|x64.ActiveCfg = Release|x64
		{BC6723DE-5569-4601-9E6A-B8385A5A765B}.Release|x64.Build.0 = Release|x64
		{BC6723DE-5569-4601-9E6A-B8385A5A765B}.Release|x86.ActiveCfg = Release|Win32
		{BC6723DE-5569-4601-9E6A-B8385A5A765B}.Release|x86.Build.0 = Release|Win32
		{291B6ACF-F49F-4DE3-852C-35B43E1951C1}.Debug|x64.ActiveCfg = Debug|x64
		{291B6ACF-F49F-4DE3-852C-35B43E1951C1}.Debug|x64.Build.0 = Debug|x64
		{291B6ACF-F49F-4DE3-852C-35B43E1951C1}.Debug|x86.ActiveCfg = Debug|Win32
		{291B6ACF-F49F-4DE3-852C-35B43E1951C1}.Debug|x86.Build.0 = Debug|Win32
		{291B6ACF-F49F-4DE3-852C-35B43E1951C1}.Release|x64.ActiveCfg = Release|x64
		{291B6ACF-F49F-4DE3-852C-35B43E1951C1}.Release|x64.Build.0 = Release|x64
		{291B6ACF-F49F-4DE3-852C-35B43E1951C1}.Release|x86.ActiveCfg = Release|Win32
		{291B6ACF-F49F-4DE3-852C-35B43E1951C1}.Release|x86.Build.0 = Release|Win32
		{8393B818-6CC4-4B87-A65D-D05CA1D2C86C}.Debug|x64.ActiveCfg = Debug|x64
		{8393B818-6CC4-4B87-A65D-D05CA1D2C86C}.Debug|x64.Build.0 = Debug|x64
		{8393B818-6CC4-4B87-A65D-D05CA1D2C86C}.Debug|x86.ActiveCfg = Debug|Win32
		{8393B818-6CC4-4B87-A65D-D05CA1D2C86C}.Debug|x86.Build.0 = Debug|Win32
		{8393B818-6CC4-4B87-A65D-D05CA1D2C86C}.Release|x64.ActiveCfg = Release|x64
		{8393B818-6CC4-4B87-A65D-D05CA1D2C86C}.Release|x64.Build.0 = Release|x64
		{8393B818-6CC4-4B87-A65D-D05CA1D2C86C}.Release|x86.ActiveCfg = Release|Win32
		{8393B818-6CC4-4B87-A65D-D05CA1D2C86C}.Release|x86.Build.0 = Release|Win32
		{6AFBD8B9-41F9-40FA-9477-7E0CA9810CC7}.Debug|x64.ActiveCfg = Debug|x64
		{6AFBD8B9-41F9-40FA-9477-7E0CA9810CC7}.Debug|x64.Build.0 = Debug|x64
		{6AFBD8B9-41F9-40FA-9477-7E0CA9810CC7}.Debug|x86.ActiveCfg = Debug|Win32
		{6AFBD8B9-41F9-40FA-9477-7E0CA9810CC7}.Debug|x86.Build.0 = Debug|Win32
		{6AFBD8B9-41F9-40FA-9477-7E0CA9810CC7}.Release|x64.ActiveCfg = Release|x64
		{6AFBD8B9-41F9-40FA-9477-7E0CA9810CC7}.Release|x64.Build.0 = Release|x64
		{6AFBD8B9-41F9-40FA-9477-7E0CA9810CC7}.Release|x86.ActiveCfg = Release|Win32
		{6AFBD8B9-41F9-40FA-9477-7E0CA9810CC7}.Release|x86.Build.0 = Release|Win32
		{B522F664-551F-4718-ABA0-AE7385EF8DDA}.Debug|x64.ActiveCfg = Debug|x64
		{B522F664-551F-4718-ABA0-AE7385EF8DDA}.Debug|x64.Build.0 = Debug|x64
		{B522F664-551F-4718-ABA0-AE7385EF8DDA}.Debug|x86.ActiveCfg = Debug|Win32
		{B522F664-551F-4718-ABA0-AE7385EF8DDA}.Debug|x86.Build.0 = Debug|Win32
		{B522F664-551F-4718-ABA0-AE7385EF8DDA}.Release|x64.ActiveCfg = Release|x64
		{B522F664-551F-4718-ABA0-AE7385EF8DDA}.Release|x64.Build.0 = Release|x64
		{B522F664-551F-4718-ABA0-AE7385EF8DDA}.Release|x86.ActiveCfg = Release|Win32
		{B522F664-551F-4718-ABA0-AE7385EF8DDA}.Release|x86.Build.0 = Release|Win32
		{4D99C30A-165E-47F9-B60A-90CDC5365D51}.Debug|x64.ActiveCfg = Debug|x64
		{4D99C30A-165E-47F9-B60A-90CDC5365D51}.Debug|x64.Build.0 = Debug|x64
		{4D99C30A-165E-47F9-B60A-90CDC5365D51}.Debug|x86.ActiveCfg = Debug|Win32
		{4D99C30A-165E-47F9-B60A-90CDC5365D51}.Debug|x86.Build.0 = Debug|Win32
		{4D99C30A-165E-47F9-B60A-90CDC5365D51}.Release|x64.ActiveCfg = Release|x64
		{4D99C30A-165E-47F9-B60A-90CDC5365D51}.Release|x64.Build.0 = Release|x64
		{4D99C30A-165E-47F9-B60A-90CDC5365D51}.Release|x86.ActiveCfg = Release|Win32
		{4D99C30A-165E-47F9-B60A-90CDC5365D51}.Release|x86.Build.0 = Release|Win32
		{FCCD9D54-8281-4FEA-BDC8-0B42A503B6BF}.Debug|x64.ActiveCfg = Debug|x64
		{FCCD9D54-8281-4FEA-BDC8-0B42A503B6BF}.Debug|x64.Build.0 = Debug|x64
		{FCCD9D54-8281-4FEA-BDC8-0B42A503B6BF}.Debug|x86.ActiveCfg = Debug|Win32
		{FCCD9D54-8281-4FEA-BDC8-0B42A503B6BF}.Debug|x86.Build.0 = Debug|Win32
		{FCCD9D54-8281-4FEA-BDC8-0B42A503B6BF}.Release|x64.ActiveCfg = Release|x64
		{FCCD9D54-8281-4FEA-BDC8-0B42A503B6BF}.Release|x64.Build.0 = Release|x64
		{FCCD9D54-8281-4FEA-BDC8-0B42A503B6BF}.Release|x86.ActiveCfg = Release|Win32
		{FCCD9D54-8281-4FEA-BDC8-0B42A503B6BF}.Release|x86.Build.0 = Release|Win32
		{96B55169-E23A-4772-9A5A-E05AE7B9B6B1}.Debug|x64.ActiveCfg = Debug|x64
		{96B55169-E23A-4772-9A5A-E05AE7B9B6B1}.Debug|x64.Build.0 = Debug|x64
		{96B55169-E23A-4772-9A5A-E05AE7B9B6B1}.Debug|x86.ActiveCfg = Debug|Win32
		{96B55169-E23A-4772-9A5A-E05AE7B9B6B1}.Debug|x86.Build.0 = Debug|Win32
		{96B55169-E23A-4772-9A5A-E05AE7B9B6B1}.Release|x64.ActiveCfg = Release|x64
		{96B55169-E23A-4772-9A5A-E05AE7B9B6B1}.Release|x64.Build.0 = Release|x64
		{96B55169-E23A-4772-9A5A-E05AE7B9B6B1}.Release|x86.ActiveCfg = Release|Win32
		{96B55169-E23A-4772-9A5A-E05AE7B9B6B1}.Release|x86.Build.0 = Release|Win32
		{D57DD64F-3E7E-4B4F-9FFE-A32D310A19CB}.Debug|x64.ActiveCfg = Debug|x64
		{D57DD64F-3E7E-4B4F-9FFE-A32D310A19CB}.Debug|x64.Build.0 = Debug|x64
		{D57DD64F-3E7E-4B4F-9FFE-A32D310A19CB}.Debug|x86.ActiveCfg = Debug|Win32
		{D57DD64F-3E7E-4B4F-9FFE-A32D310A19CB}.Debug|x86.Build.0 = Debug|Win32
		{D57DD64F-3E7E-4B4F-9FFE-A32D310A19CB}.Release|x64.ActiveCfg = Release|x64
		{D57DD64F-3E7E-4B4F-9FFE-A32D310A19CB}.Release|x64.Build.0 = Release|x64
		{D57DD64F-3E7E-4B4F-9FFE-A32D310A19CB}.Release|x86.ActiveCfg = Release|Win32
		{D57DD64F-3E7E-4B4F-9FFE-A32D310A19CB}.Release|x86.Build.0 = Release|Win32
		{FD942B51-7C67-40A4-8649-7BD15C66EAF9}.Debug|x64.ActiveCfg = Debug|x64
		{FD942B51-7C67-40A4-8649-7BD15C66EAF9}.Debug|x64.Build.0 = Debug|x64
		{FD942B51-7C67-40A4-8649-7BD15C66EAF9}.Debug|x86.ActiveCfg = Debug|Win32
		{FD942B51-7C67-40A4-8649-7BD15C66EAF9}.Debug|x86.Build.0 = Debug|Win32
		{FD942B51-7C67-40A4-8649-7BD15C66EAF9}.Release|x64.ActiveCfg = Release|x64
		{FD942B51-7C67-40A4-8649-7BD15C66EAF9}.Release|x64.Build.0 = Release|x64
		{FD942B51-7C67-40A4-8649-7BD15C66EAF9}.Release|x86.ActiveCfg = Release|Win32
		{FD942B51-7C67-40A4-8649-7BD15C66EAF9}.Release|x86.Build.0 = Release|Win32
		{F213B559-7CCC-4303-81E8-6988075CE4DE}.Debug|x64.ActiveCfg = Debug|x64
		{F213B559-7CCC-4303-81E8-6988075CE4DE}.Debug|x64.Build.0 = Debug|x64
		{F213B559-7CCC-4303-81E8-6988075CE4DE}.Debug|x86.ActiveCfg = Debug|Win32
		{F213B559-7CCC-4303-81E8-6988075CE4DE}.Debug|x86.Build.0 = Debug|Win32
		{F213B559-7CCC-4303-81E8-6988075CE4DE}.Release|x64.ActiveCfg = Release|x64
		{F213B559-7CCC-4303-81E8-6988075CE4DE}.Release|x64.Build.0 = Release|x64
		{F213B559-7CCC-4303-81E8-6988075CE4DE}.Release|x86.ActiveCfg = Release|Win32
		{F213B559-7CCC-4303-81E8-6988075CE4DE}.Release|x86.Build.0 = Release|Win32
		{58D7160B-1AFD-4E37-84A9-9231E3C44369}.Debug|x64.ActiveCfg = Debug|x64
		{58D7160B-1AFD-4E37-84A9-9231E3C44369}.Debug|x64.Build.0 = Debug|x64
		{58D7160B-1AFD-4E37-84A9-9231E3C44369}.Debug|x86.ActiveCfg = Debug|Win32
		{58D7160B-1AFD-4E37-84A9-9231E3C44369}.Debug|x86.Build.0 = Debug|Win32
		{58D7160B-1AFD-4E37-84A9-9231E3C44369}.Release|x64.ActiveCfg = Release|x64
		{58D7160B-1AFD-4E37-84A9-9231E3C44369}.Release|x64.Build.0 = Release|x64
		{58D7160B-1AFD-4E37-84A9-9231E3C44369}.Release|x86.ActiveCfg = Release|Win32
		{58D7160B-1AFD-4E37-84A9-9231E3C44369}.Release|x86.Build.0 = Release|Win32
	EndGlobalSection
	GlobalSection(SolutionProperties) = preSolution
		HideSolutionNode = FALSE
	EndGlobalSection
	GlobalSection(NestedProjects) = preSolution
		{7E7F73EF-B734-4F64-B54C-DBDBB54E6168} = {425866F7-52C4-4F88-9CB6-2EC85EFC9DA6}
		{CDF610BA-1AA6-4ED1-9945-6F7221F73D8A} = {425866F7-52C4-4F88-9CB6-2EC85EFC9DA6}
		{6FB0C01C-FAF1-4A4E-A325-5361E0F1EC9E} = {425866F7-52C4-4F88-9CB6-2EC85EFC9DA6}
		{ADAF221B-0CE5-45CE-8C76-E805C8655746} = {425866F7-52C4-4F88-9CB6-2EC85EFC9DA6}
		{EA7716B0-6C3E-4087-81FB-D134958C25B4} = {425866F7-52C4-4F88-9CB6-2EC85EFC9DA6}
		{F5D14E6F-F12E-428E-8416-EF826EEA4CA8} = {425866F7-52C4-4F88-9CB6-2EC85EFC9DA6}
		{550B037C-6D25-47F5-B3DE-5096F60D29B6} = {425866F7-52C4-4F88-9CB6-2EC85EFC9DA6}
		{DB3CE40F-A6F8-47B0-99E2-17BD47FB50A0} = {425866F7-52C4-4F88-9CB6-2EC85EFC9DA6}
		{D60B73D7-7F1D-456F-8FF6-7731A427CBED} = {425866F7-52C4-4F88-9CB6-2EC85EFC9DA6}
		{1EAB1C55-A10F-40C9-929D-5F73B4BCD0E1} = {425866F7-52C4-4F88-9CB6-2EC85EFC9DA6}
		{6E50E63D-A704-492C-B23E-5A48BE16FF5E} = {425866F7-52C4-4F88-9CB6-2EC85EFC9DA6}
		{30903A9A-9961-41E3-A639-674CEA9705C4} = {425866F7-52C4-4F88-9CB6-2EC85EFC9DA6}
		{BC6723DE-5569-4601-9E6A-B8385A5A765B} = {425866F7-52C4-4F88-9CB6-2EC85EFC9DA6}
		{291B6ACF-F49F-4DE3-852C-35B43E1951C1} = {425866F7-52C4-4F88-9CB6-2EC85EFC9DA6}
		{8393B818-6CC4-4B87-A65D-D05CA1D2C86C} = {425866F7-52C4-4F88-9CB6-2EC85EFC9DA6}
		{6AFBD8B9-41F9-40FA-9477-7E0CA9810CC7} = {425866F7-52C4-4F88-9CB6-2EC85EFC9DA6}
		{B522F664-551F-4718-ABA0-AE7385EF8DDA} = {425866F7-52C4-4F88-9CB6-2EC85EFC9DA6}
		{4D99C30A-165E-47F9-B60A-90CDC5365D51} = {425866F7-52C4-4F88-9CB6-2EC85EFC9DA6}
		{FCCD9D54-8281-4FEA-BDC8-0B42A503B6BF} = {425866F7-52C4-4F88-9CB6-2EC85EFC9DA6}
		{96B55169-E23A-4772-9A5A-E05AE7B9B6B1} = {425866F7-52C4-4F88-9CB6-2EC85EFC9DA6}
		{D57DD64F-3E7E-4B4F-9FFE-A32D310A19CB} = {B53CF45F-2E16-471C-9250-C097733F8621}
		{FD942B51-7C67-40A4-8649-7BD15C66EAF9} = {B53CF45F-2E16-471C-9250-C097733F8621}
		{F213B559-7CCC-4303-81E8-6988075CE4DE} = {B53CF45F-2E16-471C-9250-C097733F8621}
		{58D7160B-1AFD-4E37-84A9-9231E3C44369} = {B53CF45F-2E16-471C-9250-C097733F8621}
	EndGlobalSection
	GlobalSection(ExtensibilityGlobals) = postSolution
		SolutionGuid = {EBE8E48B-76CB-4648-A7BF-03570D3EF0F7}
	EndGlobalSection
EndGlobal
